
Microsoft Visual Studio Solution File, Format Version 11.00
# Visual Studio 2010
Project("{2150E333-8FDC-42A3-9474-1A3956D46DE8}") = ".nuget", ".nuget", "{F3454824-2514-4FD8-A585-EA10AC10A1D7}"
	ProjectSection(SolutionItems) = preProject
		.nuget\NuGet.exe = .nuget\NuGet.exe
		.nuget\NuGet.targets = .nuget\NuGet.targets
	EndProjectSection
EndProject
Project("{FAE04EC0-301F-11D3-BF4B-00C04F79EFBC}") = "Inspector.Web", "Inspector.Web\Inspector.Web.csproj", "{63B5DF76-318E-417E-8A36-AACFF4EB664F}"
EndProject
Project("{FAE04EC0-301F-11D3-BF4B-00C04F79EFBC}") = "Inspektor.Data", "Inspektor.Data\Inspektor.Data.csproj", "{0990B495-6C06-4EDE-B682-9EC59C32BFAE}"
EndProject
Project("{FAE04EC0-301F-11D3-BF4B-00C04F79EFBC}") = "Inspektor", "Inspektor\Inspektor.csproj", "{CA1DCC84-4550-4AD8-BAD0-089B704C407F}"
EndProject
Global
	GlobalSection(SolutionConfigurationPlatforms) = preSolution
		Debug|Any CPU = Debug|Any CPU
		Release|Any CPU = Release|Any CPU
	EndGlobalSection
	GlobalSection(ProjectConfigurationPlatforms) = postSolution
		{63B5DF76-318E-417E-8A36-AACFF4EB664F}.Debug|Any CPU.ActiveCfg = Debug|Any CPU
		{63B5DF76-318E-417E-8A36-AACFF4EB664F}.Debug|Any CPU.Build.0 = Debug|Any CPU
		{63B5DF76-318E-417E-8A36-AACFF4EB664F}.Release|Any CPU.ActiveCfg = Release|Any CPU
		{63B5DF76-318E-417E-8A36-AACFF4EB664F}.Release|Any CPU.Build.0 = Release|Any CPU
		{0990B495-6C06-4EDE-B682-9EC59C32BFAE}.Debug|Any CPU.ActiveCfg = Debug|Any CPU
		{0990B495-6C06-4EDE-B682-9EC59C32BFAE}.Debug|Any CPU.Build.0 = Debug|Any CPU
		{0990B495-6C06-4EDE-B682-9EC59C32BFAE}.Release|Any CPU.ActiveCfg = Release|Any CPU
		{0990B495-6C06-4EDE-B682-9EC59C32BFAE}.Release|Any CPU.Build.0 = Release|Any CPU
		{CA1DCC84-4550-4AD8-BAD0-089B704C407F}.Debug|Any CPU.ActiveCfg = Debug|Any CPU
		{CA1DCC84-4550-4AD8-BAD0-089B704C407F}.Debug|Any CPU.Build.0 = Debug|Any CPU
		{CA1DCC84-4550-4AD8-BAD0-089B704C407F}.Release|Any CPU.ActiveCfg = Release|Any CPU
		{CA1DCC84-4550-4AD8-BAD0-089B704C407F}.Release|Any CPU.Build.0 = Release|Any CPU
	EndGlobalSection
	GlobalSection(SolutionProperties) = preSolution
		HideSolutionNode = FALSE
	EndGlobalSection
EndGlobal
